
Microsoft Visual Studio Solution File, Format Version 12.00
# Visual Studio 15
Project("{FAE04EC0-301F-11D3-BF4B-00C04F79EFBC}") = "Assembly-CSharp", "Assembly-CSharp.csproj", "{F73DD756-2D7E-4BEE-4A58-D0D1DCFFF46B}"
EndProject
Project("{FAE04EC0-301F-11D3-BF4B-00C04F79EFBC}") = "Assembly-CSharp-Editor", "Assembly-CSharp-Editor.csproj", "{0C5AD8A3-03A3-2251-4757-2D58618942FA}"
EndProject
Global
	GlobalSection(SolutionConfigurationPlatforms) = preSolution
		Debug|Any CPU = Debug|Any CPU
		Release|Any CPU = Release|Any CPU
	EndGlobalSection
	GlobalSection(ProjectConfigurationPlatforms) = postSolution
		{F73DD756-2D7E-4BEE-4A58-D0D1DCFFF46B}.Debug|Any CPU.ActiveCfg = Debug|Any CPU
		{F73DD756-2D7E-4BEE-4A58-D0D1DCFFF46B}.Debug|Any CPU.Build.0 = Debug|Any CPU
		{F73DD756-2D7E-4BEE-4A58-D0D1DCFFF46B}.Release|Any CPU.ActiveCfg = Release|Any CPU
		{F73DD756-2D7E-4BEE-4A58-D0D1DCFFF46B}.Release|Any CPU.Build.0 = Release|Any CPU
		{0C5AD8A3-03A3-2251-4757-2D58618942FA}.Debug|Any CPU.ActiveCfg = Debug|Any CPU
		{0C5AD8A3-03A3-2251-4757-2D58618942FA}.Debug|Any CPU.Build.0 = Debug|Any CPU
		{0C5AD8A3-03A3-2251-4757-2D58618942FA}.Release|Any CPU.ActiveCfg = Release|Any CPU
		{0C5AD8A3-03A3-2251-4757-2D58618942FA}.Release|Any CPU.Build.0 = Release|Any CPU
	EndGlobalSection
	GlobalSection(SolutionProperties) = preSolution
		HideSolutionNode = FALSE
	EndGlobalSection
EndGlobal
